
Microsoft Visual Studio Solution File, Format Version 12.00
# Visual Studio Version 17
VisualStudioVersion = 17.9.34723.18
MinimumVisualStudioVersion = 10.0.40219.1
Project("{2150E333-8FDC-42A3-9474-1A3956D46DE8}") = "Core", "Core", "{3A0D57CD-B3DC-42AF-82E4-B09E3A45BE18}"
EndProject
Project("{2150E333-8FDC-42A3-9474-1A3956D46DE8}") = "Infra", "Infra", "{E2CD7A15-9B0A-429D-8BEB-D48F0659A31D}"
EndProject
Project("{FAE04EC0-301F-11D3-BF4B-00C04F79EFBC}") = "StockShark.Contracts", "StockShark.Contracts\StockShark.Contracts.csproj", "{9E36BB3D-EDFF-490E-B572-8DDA00C0E420}"
EndProject
Project("{FAE04EC0-301F-11D3-BF4B-00C04F79EFBC}") = "StockShark.Repository", "StockShark.Repository\StockShark.Repository.csproj", "{D47B7A1B-0CF9-413D-BD5F-D4809FD925D2}"
EndProject
Project("{FAE04EC0-301F-11D3-BF4B-00C04F79EFBC}") = "StockShark.Api", "StockShark.Api\StockShark.Api.csproj", "{E4091A71-34E8-4062-B5A3-1653AB43F359}"
EndProject
Project("{FAE04EC0-301F-11D3-BF4B-00C04F79EFBC}") = "StockShark.Core", "StockShark.Core\StockShark.Core.csproj", "{580A85EF-0F8E-451B-AF2C-F84DD2D9C6D0}"
EndProject
Project("{FAE04EC0-301F-11D3-BF4B-00C04F79EFBC}") = "StockShark.ExternalServices", "StockShark.ExternalServices\StockShark.ExternalServices.csproj", "{80AD55B6-5E4E-44FE-A6EE-4337EEB7C5DF}"
EndProject
Project("{FAE04EC0-301F-11D3-BF4B-00C04F79EFBC}") = "StockShark.ApplicationService", "StockShark.ApplicationService\StockShark.ApplicationService.csproj", "{2E6B0C64-E803-4C22-84C3-92066B58A63F}"
EndProject
Project("{FAE04EC0-301F-11D3-BF4B-00C04F79EFBC}") = "StockShark.Helper", "StockShark.Helper\StockShark.Helper.csproj", "{DDA05B32-904E-44B2-A22B-6EAE4B546A53}"
EndProject
Global
	GlobalSection(SolutionConfigurationPlatforms) = preSolution
		Debug|Any CPU = Debug|Any CPU
		Release|Any CPU = Release|Any CPU
	EndGlobalSection
	GlobalSection(ProjectConfigurationPlatforms) = postSolution
		{9E36BB3D-EDFF-490E-B572-8DDA00C0E420}.Debug|Any CPU.ActiveCfg = Debug|Any CPU
		{9E36BB3D-EDFF-490E-B572-8DDA00C0E420}.Debug|Any CPU.Build.0 = Debug|Any CPU
		{9E36BB3D-EDFF-490E-B572-8DDA00C0E420}.Release|Any CPU.ActiveCfg = Release|Any CPU
		{9E36BB3D-EDFF-490E-B572-8DDA00C0E420}.Release|Any CPU.Build.0 = Release|Any CPU
		{D47B7A1B-0CF9-413D-BD5F-D4809FD925D2}.Debug|Any CPU.ActiveCfg = Debug|Any CPU
		{D47B7A1B-0CF9-413D-BD5F-D4809FD925D2}.Debug|Any CPU.Build.0 = Debug|Any CPU
		{D47B7A1B-0CF9-413D-BD5F-D4809FD925D2}.Release|Any CPU.ActiveCfg = Release|Any CPU
		{D47B7A1B-0CF9-413D-BD5F-D4809FD925D2}.Release|Any CPU.Build.0 = Release|Any CPU
		{E4091A71-34E8-4062-B5A3-1653AB43F359}.Debug|Any CPU.ActiveCfg = Debug|Any CPU
		{E4091A71-34E8-4062-B5A3-1653AB43F359}.Debug|Any CPU.Build.0 = Debug|Any CPU
		{E4091A71-34E8-4062-B5A3-1653AB43F359}.Release|Any CPU.ActiveCfg = Release|Any CPU
		{E4091A71-34E8-4062-B5A3-1653AB43F359}.Release|Any CPU.Build.0 = Release|Any CPU
		{580A85EF-0F8E-451B-AF2C-F84DD2D9C6D0}.Debug|Any CPU.ActiveCfg = Debug|Any CPU
		{580A85EF-0F8E-451B-AF2C-F84DD2D9C6D0}.Debug|Any CPU.Build.0 = Debug|Any CPU
		{580A85EF-0F8E-451B-AF2C-F84DD2D9C6D0}.Release|Any CPU.ActiveCfg = Release|Any CPU
		{580A85EF-0F8E-451B-AF2C-F84DD2D9C6D0}.Release|Any CPU.Build.0 = Release|Any CPU
		{80AD55B6-5E4E-44FE-A6EE-4337EEB7C5DF}.Debug|Any CPU.ActiveCfg = Debug|Any CPU
		{80AD55B6-5E4E-44FE-A6EE-4337EEB7C5DF}.Debug|Any CPU.Build.0 = Debug|Any CPU
		{80AD55B6-5E4E-44FE-A6EE-4337EEB7C5DF}.Release|Any CPU.ActiveCfg = Release|Any CPU
		{80AD55B6-5E4E-44FE-A6EE-4337EEB7C5DF}.Release|Any CPU.Build.0 = Release|Any CPU
		{2E6B0C64-E803-4C22-84C3-92066B58A63F}.Debug|Any CPU.ActiveCfg = Debug|Any CPU
		{2E6B0C64-E803-4C22-84C3-92066B58A63F}.Debug|Any CPU.Build.0 = Debug|Any CPU
		{2E6B0C64-E803-4C22-84C3-92066B58A63F}.Release|Any CPU.ActiveCfg = Release|Any CPU
		{2E6B0C64-E803-4C22-84C3-92066B58A63F}.Release|Any CPU.Build.0 = Release|Any CPU
		{DDA05B32-904E-44B2-A22B-6EAE4B546A53}.Debug|Any CPU.ActiveCfg = Debug|Any CPU
		{DDA05B32-904E-44B2-A22B-6EAE4B546A53}.Debug|Any CPU.Build.0 = Debug|Any CPU
		{DDA05B32-904E-44B2-A22B-6EAE4B546A53}.Release|Any CPU.ActiveCfg = Release|Any CPU
		{DDA05B32-904E-44B2-A22B-6EAE4B546A53}.Release|Any CPU.Build.0 = Release|Any CPU
	EndGlobalSection
	GlobalSection(SolutionProperties) = preSolution
		HideSolutionNode = FALSE
	EndGlobalSection
	GlobalSection(NestedProjects) = preSolution
		{9E36BB3D-EDFF-490E-B572-8DDA00C0E420} = {3A0D57CD-B3DC-42AF-82E4-B09E3A45BE18}
		{D47B7A1B-0CF9-413D-BD5F-D4809FD925D2} = {E2CD7A15-9B0A-429D-8BEB-D48F0659A31D}
		{E4091A71-34E8-4062-B5A3-1653AB43F359} = {E2CD7A15-9B0A-429D-8BEB-D48F0659A31D}
		{580A85EF-0F8E-451B-AF2C-F84DD2D9C6D0} = {3A0D57CD-B3DC-42AF-82E4-B09E3A45BE18}
		{80AD55B6-5E4E-44FE-A6EE-4337EEB7C5DF} = {E2CD7A15-9B0A-429D-8BEB-D48F0659A31D}
		{2E6B0C64-E803-4C22-84C3-92066B58A63F} = {3A0D57CD-B3DC-42AF-82E4-B09E3A45BE18}
		{DDA05B32-904E-44B2-A22B-6EAE4B546A53} = {E2CD7A15-9B0A-429D-8BEB-D48F0659A31D}
	EndGlobalSection
	GlobalSection(ExtensibilityGlobals) = postSolution
		SolutionGuid = {B3E5C905-477F-47EB-B476-520D11F3EF5F}
	EndGlobalSection
EndGlobal
